{
  "originHash" : "7f7d62b14ad76caefa0b8d7fab0e73d7be9ac0145b6fdb50eb9cfd0b2097ba69",
  "pins" : [
    {
      "identity" : "swift-cuda",
      "kind" : "remoteSourceControl",
      "location" : "https://github.com/dataparallel-swift/swift-cuda.git",
      "state" : {
        "revision" : "8769337807ac47b246cd71c087218a570b445de4",
        "version" : "1.0.0"
      }
    }
  ],
  "version" : 3
}
